
Microsoft Visual Studio Solution File, Format Version 12.00
# Visual Studio Version 16
VisualStudioVersion = 16.0.32002.261
MinimumVisualStudioVersion = 10.0.40219.1
Project("{9A19103F-16F7-4668-BE54-9A1E7A4F7556}") = "SimpleException", "SimpleException\SimpleException.csproj", "{4453EA55-0763-4BB4-B016-B59F21D3422A}"
EndProject
Project("{FAE04EC0-301F-11D3-BF4B-00C04F79EFBC}") = "CustomExaption", "CustomExaption\CustomExaption.csproj", "{0B9B682A-7C4F-4801-97E8-7DA493EC4B00}"
EndProject
Project("{FAE04EC0-301F-11D3-BF4B-00C04F79EFBC}") = "ProcessMultipleExceptions", "ProcessMultipleExceptions\ProcessMultipleExceptions.csproj", "{6F76EA8E-0058-4074-84BB-94218391A502}"
EndProject
Project("{2150E333-8FDC-42A3-9474-1A3956D46DE8}") = "Solution Items", "Solution Items", "{414939E6-A739-4467-A388-3A90F097B00E}"
EndProject
Global
	GlobalSection(SolutionConfigurationPlatforms) = preSolution
		Debug|Any CPU = Debug|Any CPU
		Release|Any CPU = Release|Any CPU
	EndGlobalSection
	GlobalSection(ProjectConfigurationPlatforms) = postSolution
		{4453EA55-0763-4BB4-B016-B59F21D3422A}.Debug|Any CPU.ActiveCfg = Debug|Any CPU
		{4453EA55-0763-4BB4-B016-B59F21D3422A}.Debug|Any CPU.Build.0 = Debug|Any CPU
		{4453EA55-0763-4BB4-B016-B59F21D3422A}.Release|Any CPU.ActiveCfg = Release|Any CPU
		{4453EA55-0763-4BB4-B016-B59F21D3422A}.Release|Any CPU.Build.0 = Release|Any CPU
		{0B9B682A-7C4F-4801-97E8-7DA493EC4B00}.Debug|Any CPU.ActiveCfg = Debug|Any CPU
		{0B9B682A-7C4F-4801-97E8-7DA493EC4B00}.Debug|Any CPU.Build.0 = Debug|Any CPU
		{0B9B682A-7C4F-4801-97E8-7DA493EC4B00}.Release|Any CPU.ActiveCfg = Release|Any CPU
		{0B9B682A-7C4F-4801-97E8-7DA493EC4B00}.Release|Any CPU.Build.0 = Release|Any CPU
		{6F76EA8E-0058-4074-84BB-94218391A502}.Debug|Any CPU.ActiveCfg = Debug|Any CPU
		{6F76EA8E-0058-4074-84BB-94218391A502}.Debug|Any CPU.Build.0 = Debug|Any CPU
		{6F76EA8E-0058-4074-84BB-94218391A502}.Release|Any CPU.ActiveCfg = Release|Any CPU
		{6F76EA8E-0058-4074-84BB-94218391A502}.Release|Any CPU.Build.0 = Release|Any CPU
	EndGlobalSection
	GlobalSection(SolutionProperties) = preSolution
		HideSolutionNode = FALSE
	EndGlobalSection
	GlobalSection(ExtensibilityGlobals) = postSolution
		SolutionGuid = {1953BE55-D6DE-4D7F-B0BF-1AED5F420A5E}
	EndGlobalSection
EndGlobal
